// !$*UTF8*$!
{
	archiveVersion = 1;
	classes = {
	};
	objectVersion = 55;
	objects = {

/* Begin PBXBuildFile section */
		7C7822E827A707CC0032C1A7 /* CurrencyFormatterTests.swift in Sources */ = {isa = PBXBuildFile; fileRef = 7C7822E727A707CC0032C1A7 /* CurrencyFormatterTests.swift */; };
		7C92D7962797F97800E468DB /* AccountSummaryCell.swift in Sources */ = {isa = PBXBuildFile; fileRef = 7C92D7952797F97800E468DB /* AccountSummaryCell.swift */; };
		7C92D79827995DA600E468DB /* Decimal+Utils.swift in Sources */ = {isa = PBXBuildFile; fileRef = 7C92D79727995DA600E468DB /* Decimal+Utils.swift */; };
		7C92D79A27995DE200E468DB /* CurrencyFormatter.swift in Sources */ = {isa = PBXBuildFile; fileRef = 7C92D79927995DE200E468DB /* CurrencyFormatter.swift */; };
		7CD621222796F10900EEBEF1 /* AccountSummaryHeaderView.xib in Resources */ = {isa = PBXBuildFile; fileRef = 7CD621212796F10900EEBEF1 /* AccountSummaryHeaderView.xib */; };
		7CE46A702792FA07000F75EF /* AppDelegate.swift in Sources */ = {isa = PBXBuildFile; fileRef = 7CE46A6F2792FA07000F75EF /* AppDelegate.swift */; };
		7CE46A742792FA07000F75EF /* LoginViewController.swift in Sources */ = {isa = PBXBuildFile; fileRef = 7CE46A732792FA07000F75EF /* LoginViewController.swift */; };
		7CE46A792792FA08000F75EF /* Assets.xcassets in Resources */ = {isa = PBXBuildFile; fileRef = 7CE46A782792FA08000F75EF /* Assets.xcassets */; };
		7CE46A7C2792FA08000F75EF /* LaunchScreen.storyboard in Resources */ = {isa = PBXBuildFile; fileRef = 7CE46A7A2792FA08000F75EF /* LaunchScreen.storyboard */; };
		7CE46A8627933873000F75EF /* LoginView.swift in Sources */ = {isa = PBXBuildFile; fileRef = 7CE46A8527933873000F75EF /* LoginView.swift */; };
		7CE46A8927949A43000F75EF /* OnboardingContainerViewController.swift in Sources */ = {isa = PBXBuildFile; fileRef = 7CE46A8827949A43000F75EF /* OnboardingContainerViewController.swift */; };
		7CE46A8B27949AA6000F75EF /* OnboardingViewController.swift in Sources */ = {isa = PBXBuildFile; fileRef = 7CE46A8A27949AA6000F75EF /* OnboardingViewController.swift */; };
		7CE46A9027955DC8000F75EF /* LocalState.swift in Sources */ = {isa = PBXBuildFile; fileRef = 7CE46A8F27955DC8000F75EF /* LocalState.swift */; };
		7CE46A942795BB08000F75EF /* UIViewController+Utils.swift in Sources */ = {isa = PBXBuildFile; fileRef = 7CE46A932795BB08000F75EF /* UIViewController+Utils.swift */; };
		7CE46A962795BE93000F75EF /* MainViewController.swift in Sources */ = {isa = PBXBuildFile; fileRef = 7CE46A952795BE93000F75EF /* MainViewController.swift */; };
		7CE46A992796B3F1000F75EF /* AccountSummaryViewController.swift in Sources */ = {isa = PBXBuildFile; fileRef = 7CE46A982796B3F1000F75EF /* AccountSummaryViewController.swift */; };
		7CE46A9D2796D7D6000F75EF /* AccountSummaryHeaderView.swift in Sources */ = {isa = PBXBuildFile; fileRef = 7CE46A9C2796D7D6000F75EF /* AccountSummaryHeaderView.swift */; };
/* End PBXBuildFile section */

/* Begin PBXContainerItemProxy section */
		7C7822E227A707020032C1A7 /* PBXContainerItemProxy */ = {
			isa = PBXContainerItemProxy;
			containerPortal = 7CE46A642792FA07000F75EF /* Project object */;
			proxyType = 1;
			remoteGlobalIDString = 7CE46A6B2792FA07000F75EF;
			remoteInfo = Bankey;
		};
/* End PBXContainerItemProxy section */

/* Begin PBXFileReference section */
		7C7822DE27A707020032C1A7 /* BankeyUnitTests.xctest */ = {isa = PBXFileReference; explicitFileType = wrapper.cfbundle; includeInIndex = 0; path = BankeyUnitTests.xctest; sourceTree = BUILT_PRODUCTS_DIR; };
		7C7822E727A707CC0032C1A7 /* CurrencyFormatterTests.swift */ = {isa = PBXFileReference; lastKnownFileType = sourcecode.swift; path = CurrencyFormatterTests.swift; sourceTree = "<group>"; };
		7C92D7952797F97800E468DB /* AccountSummaryCell.swift */ = {isa = PBXFileReference; lastKnownFileType = sourcecode.swift; path = AccountSummaryCell.swift; sourceTree = "<group>"; };
		7C92D79727995DA600E468DB /* Decimal+Utils.swift */ = {isa = PBXFileReference; lastKnownFileType = sourcecode.swift; path = "Decimal+Utils.swift"; sourceTree = "<group>"; };
		7C92D79927995DE200E468DB /* CurrencyFormatter.swift */ = {isa = PBXFileReference; lastKnownFileType = sourcecode.swift; path = CurrencyFormatter.swift; sourceTree = "<group>"; };
		7CD621212796F10900EEBEF1 /* AccountSummaryHeaderView.xib */ = {isa = PBXFileReference; lastKnownFileType = file.xib; path = AccountSummaryHeaderView.xib; sourceTree = "<group>"; };
		7CE46A6C2792FA07000F75EF /* Bankey.app */ = {isa = PBXFileReference; explicitFileType = wrapper.application; includeInIndex = 0; path = Bankey.app; sourceTree = BUILT_PRODUCTS_DIR; };
		7CE46A6F2792FA07000F75EF /* AppDelegate.swift */ = {isa = PBXFileReference; lastKnownFileType = sourcecode.swift; path = AppDelegate.swift; sourceTree = "<group>"; };
		7CE46A732792FA07000F75EF /* LoginViewController.swift */ = {isa = PBXFileReference; lastKnownFileType = sourcecode.swift; path = LoginViewController.swift; sourceTree = "<group>"; };
		7CE46A782792FA08000F75EF /* Assets.xcassets */ = {isa = PBXFileReference; lastKnownFileType = folder.assetcatalog; path = Assets.xcassets; sourceTree = "<group>"; };
		7CE46A7B2792FA08000F75EF /* Base */ = {isa = PBXFileReference; lastKnownFileType = file.storyboard; name = Base; path = Base.lproj/LaunchScreen.storyboard; sourceTree = "<group>"; };
		7CE46A7D2792FA08000F75EF /* Info.plist */ = {isa = PBXFileReference; lastKnownFileType = text.plist.xml; path = Info.plist; sourceTree = "<group>"; };
		7CE46A8527933873000F75EF /* LoginView.swift */ = {isa = PBXFileReference; lastKnownFileType = sourcecode.swift; path = LoginView.swift; sourceTree = "<group>"; };
		7CE46A8827949A43000F75EF /* OnboardingContainerViewController.swift */ = {isa = PBXFileReference; lastKnownFileType = sourcecode.swift; path = OnboardingContainerViewController.swift; sourceTree = "<group>"; };
		7CE46A8A27949AA6000F75EF /* OnboardingViewController.swift */ = {isa = PBXFileReference; lastKnownFileType = sourcecode.swift; path = OnboardingViewController.swift; sourceTree = "<group>"; };
		7CE46A8F27955DC8000F75EF /* LocalState.swift */ = {isa = PBXFileReference; lastKnownFileType = sourcecode.swift; path = LocalState.swift; sourceTree = "<group>"; };
		7CE46A932795BB08000F75EF /* UIViewController+Utils.swift */ = {isa = PBXFileReference; lastKnownFileType = sourcecode.swift; path = "UIViewController+Utils.swift"; sourceTree = "<group>"; };
		7CE46A952795BE93000F75EF /* MainViewController.swift */ = {isa = PBXFileReference; lastKnownFileType = sourcecode.swift; path = MainViewController.swift; sourceTree = "<group>"; };
		7CE46A982796B3F1000F75EF /* AccountSummaryViewController.swift */ = {isa = PBXFileReference; lastKnownFileType = sourcecode.swift; path = AccountSummaryViewController.swift; sourceTree = "<group>"; };
		7CE46A9C2796D7D6000F75EF /* AccountSummaryHeaderView.swift */ = {isa = PBXFileReference; lastKnownFileType = sourcecode.swift; path = AccountSummaryHeaderView.swift; sourceTree = "<group>"; };
/* End PBXFileReference section */

/* Begin PBXFrameworksBuildPhase section */
		7C7822DB27A707020032C1A7 /* Frameworks */ = {
			isa = PBXFrameworksBuildPhase;
			buildActionMask = 2147483647;
			files = (
			);
			runOnlyForDeploymentPostprocessing = 0;
		};
		7CE46A692792FA07000F75EF /* Frameworks */ = {
			isa = PBXFrameworksBuildPhase;
			buildActionMask = 2147483647;
			files = (
			);
			runOnlyForDeploymentPostprocessing = 0;
		};
/* End PBXFrameworksBuildPhase section */

/* Begin PBXGroup section */
		7C7822DF27A707020032C1A7 /* BankeyUnitTests */ = {
			isa = PBXGroup;
			children = (
				7C7822E727A707CC0032C1A7 /* CurrencyFormatterTests.swift */,
			);
			path = BankeyUnitTests;
			sourceTree = "<group>";
		};
		7C92D7932797F90300E468DB /* Header */ = {
			isa = PBXGroup;
			children = (
				7CE46A9C2796D7D6000F75EF /* AccountSummaryHeaderView.swift */,
				7CD621212796F10900EEBEF1 /* AccountSummaryHeaderView.xib */,
			);
			path = Header;
			sourceTree = "<group>";
		};
		7C92D7942797F92900E468DB /* Cells */ = {
			isa = PBXGroup;
			children = (
				7C92D7952797F97800E468DB /* AccountSummaryCell.swift */,
			);
			path = Cells;
			sourceTree = "<group>";
		};
		7CE46A632792FA07000F75EF = {
			isa = PBXGroup;
			children = (
				7CE46A6E2792FA07000F75EF /* Bankey */,
				7C7822DF27A707020032C1A7 /* BankeyUnitTests */,
				7CE46A6D2792FA07000F75EF /* Products */,
			);
			sourceTree = "<group>";
		};
		7CE46A6D2792FA07000F75EF /* Products */ = {
			isa = PBXGroup;
			children = (
				7CE46A6C2792FA07000F75EF /* Bankey.app */,
				7C7822DE27A707020032C1A7 /* BankeyUnitTests.xctest */,
			);
			name = Products;
			sourceTree = "<group>";
		};
		7CE46A6E2792FA07000F75EF /* Bankey */ = {
			isa = PBXGroup;
			children = (
				7CE46A6F2792FA07000F75EF /* AppDelegate.swift */,
				7CE46A952795BE93000F75EF /* MainViewController.swift */,
				7CE46A8727949A01000F75EF /* Onboarding */,
				7CE46A8427933811000F75EF /* Login */,
				7CE46A972796B398000F75EF /* AccountSummary */,
				7CE46A8E27955DAC000F75EF /* Util */,
				7CE46A8327933791000F75EF /* Files */,
			);
			path = Bankey;
			sourceTree = "<group>";
		};
		7CE46A8327933791000F75EF /* Files */ = {
			isa = PBXGroup;
			children = (
				7CE46A782792FA08000F75EF /* Assets.xcassets */,
				7CE46A7A2792FA08000F75EF /* LaunchScreen.storyboard */,
				7CE46A7D2792FA08000F75EF /* Info.plist */,
			);
			name = Files;
			sourceTree = "<group>";
		};
		7CE46A8427933811000F75EF /* Login */ = {
			isa = PBXGroup;
			children = (
				7CE46A732792FA07000F75EF /* LoginViewController.swift */,
				7CE46A8527933873000F75EF /* LoginView.swift */,
			);
			path = Login;
			sourceTree = "<group>";
		};
		7CE46A8727949A01000F75EF /* Onboarding */ = {
			isa = PBXGroup;
			children = (
				7CE46A8827949A43000F75EF /* OnboardingContainerViewController.swift */,
				7CE46A8A27949AA6000F75EF /* OnboardingViewController.swift */,
			);
			path = Onboarding;
			sourceTree = "<group>";
		};
		7CE46A8E27955DAC000F75EF /* Util */ = {
			isa = PBXGroup;
			children = (
				7CE46A8F27955DC8000F75EF /* LocalState.swift */,
				7CE46A932795BB08000F75EF /* UIViewController+Utils.swift */,
				7C92D79727995DA600E468DB /* Decimal+Utils.swift */,
				7C92D79927995DE200E468DB /* CurrencyFormatter.swift */,
			);
			path = Util;
			sourceTree = "<group>";
		};
		7CE46A972796B398000F75EF /* AccountSummary */ = {
			isa = PBXGroup;
			children = (
				7CE46A982796B3F1000F75EF /* AccountSummaryViewController.swift */,
				7C92D7932797F90300E468DB /* Header */,
				7C92D7942797F92900E468DB /* Cells */,
			);
			path = AccountSummary;
			sourceTree = "<group>";
		};
/* End PBXGroup section */

/* Begin PBXNativeTarget section */
		7C7822DD27A707020032C1A7 /* BankeyUnitTests */ = {
			isa = PBXNativeTarget;
			buildConfigurationList = 7C7822E627A707020032C1A7 /* Build configuration list for PBXNativeTarget "BankeyUnitTests" */;
			buildPhases = (
				7C7822DA27A707020032C1A7 /* Sources */,
				7C7822DB27A707020032C1A7 /* Frameworks */,
				7C7822DC27A707020032C1A7 /* Resources */,
			);
			buildRules = (
			);
			dependencies = (
				7C7822E327A707020032C1A7 /* PBXTargetDependency */,
			);
			name = BankeyUnitTests;
			productName = BankeyUnitTests;
			productReference = 7C7822DE27A707020032C1A7 /* BankeyUnitTests.xctest */;
			productType = "com.apple.product-type.bundle.unit-test";
		};
		7CE46A6B2792FA07000F75EF /* Bankey */ = {
			isa = PBXNativeTarget;
			buildConfigurationList = 7CE46A802792FA08000F75EF /* Build configuration list for PBXNativeTarget "Bankey" */;
			buildPhases = (
				7CE46A682792FA07000F75EF /* Sources */,
				7CE46A692792FA07000F75EF /* Frameworks */,
				7CE46A6A2792FA07000F75EF /* Resources */,
			);
			buildRules = (
			);
			dependencies = (
			);
			name = Bankey;
			productName = Bankey;
			productReference = 7CE46A6C2792FA07000F75EF /* Bankey.app */;
			productType = "com.apple.product-type.application";
		};
/* End PBXNativeTarget section */

/* Begin PBXProject section */
		7CE46A642792FA07000F75EF /* Project object */ = {
			isa = PBXProject;
			attributes = {
				BuildIndependentTargetsInParallel = 1;
				LastSwiftUpdateCheck = 1320;
				LastUpgradeCheck = 1320;
				TargetAttributes = {
					7C7822DD27A707020032C1A7 = {
						CreatedOnToolsVersion = 13.2.1;
						LastSwiftMigration = 1320;
						TestTargetID = 7CE46A6B2792FA07000F75EF;
					};
					7CE46A6B2792FA07000F75EF = {
						CreatedOnToolsVersion = 13.2.1;
					};
				};
			};
			buildConfigurationList = 7CE46A672792FA07000F75EF /* Build configuration list for PBXProject "Bankey" */;
			compatibilityVersion = "Xcode 13.0";
			developmentRegion = en;
			hasScannedForEncodings = 0;
			knownRegions = (
				en,
				Base,
			);
			mainGroup = 7CE46A632792FA07000F75EF;
			productRefGroup = 7CE46A6D2792FA07000F75EF /* Products */;
			projectDirPath = "";
			projectRoot = "";
			targets = (
				7CE46A6B2792FA07000F75EF /* Bankey */,
				7C7822DD27A707020032C1A7 /* BankeyUnitTests */,
			);
		};
/* End PBXProject section */

/* Begin PBXResourcesBuildPhase section */
		7C7822DC27A707020032C1A7 /* Resources */ = {
			isa = PBXResourcesBuildPhase;
			buildActionMask = 2147483647;
			files = (
			);
			runOnlyForDeploymentPostprocessing = 0;
		};
		7CE46A6A2792FA07000F75EF /* Resources */ = {
			isa = PBXResourcesBuildPhase;
			buildActionMask = 2147483647;
			files = (
				7CD621222796F10900EEBEF1 /* AccountSummaryHeaderView.xib in Resources */,
				7CE46A7C2792FA08000F75EF /* LaunchScreen.storyboard in Resources */,
				7CE46A792792FA08000F75EF /* Assets.xcassets in Resources */,
			);
			runOnlyForDeploymentPostprocessing = 0;
		};
/* End PBXResourcesBuildPhase section */

/* Begin PBXSourcesBuildPhase section */
		7C7822DA27A707020032C1A7 /* Sources */ = {
			isa = PBXSourcesBuildPhase;
			buildActionMask = 2147483647;
			files = (
				7C7822E827A707CC0032C1A7 /* CurrencyFormatterTests.swift in Sources */,
			);
			runOnlyForDeploymentPostprocessing = 0;
		};
		7CE46A682792FA07000F75EF /* Sources */ = {
			isa = PBXSourcesBuildPhase;
			buildActionMask = 2147483647;
			files = (
				7CE46A942795BB08000F75EF /* UIViewController+Utils.swift in Sources */,
				7CE46A8627933873000F75EF /* LoginView.swift in Sources */,
				7CE46A9027955DC8000F75EF /* LocalState.swift in Sources */,
				7CE46A9D2796D7D6000F75EF /* AccountSummaryHeaderView.swift in Sources */,
				7C92D79A27995DE200E468DB /* CurrencyFormatter.swift in Sources */,
				7CE46A742792FA07000F75EF /* LoginViewController.swift in Sources */,
				7C92D79827995DA600E468DB /* Decimal+Utils.swift in Sources */,
				7C92D7962797F97800E468DB /* AccountSummaryCell.swift in Sources */,
				7CE46A8B27949AA6000F75EF /* OnboardingViewController.swift in Sources */,
				7CE46A962795BE93000F75EF /* MainViewController.swift in Sources */,
				7CE46A992796B3F1000F75EF /* AccountSummaryViewController.swift in Sources */,
				7CE46A702792FA07000F75EF /* AppDelegate.swift in Sources */,
				7CE46A8927949A43000F75EF /* OnboardingContainerViewController.swift in Sources */,
			);
			runOnlyForDeploymentPostprocessing = 0;
		};
/* End PBXSourcesBuildPhase section */

/* Begin PBXTargetDependency section */
		7C7822E327A707020032C1A7 /* PBXTargetDependency */ = {
			isa = PBXTargetDependency;
			target = 7CE46A6B2792FA07000F75EF /* Bankey */;
			targetProxy = 7C7822E227A707020032C1A7 /* PBXContainerItemProxy */;
		};
/* End PBXTargetDependency section */

/* Begin PBXVariantGroup section */
		7CE46A7A2792FA08000F75EF /* LaunchScreen.storyboard */ = {
			isa = PBXVariantGroup;
			children = (
				7CE46A7B2792FA08000F75EF /* Base */,
			);
			name = LaunchScreen.storyboard;
			sourceTree = "<group>";
		};
/* End PBXVariantGroup section */

/* Begin XCBuildConfiguration section */
		7C7822E427A707020032C1A7 /* Debug */ = {
			isa = XCBuildConfiguration;
			buildSettings = {
				BUNDLE_LOADER = "$(TEST_HOST)";
				CLANG_ENABLE_MODULES = YES;
				CODE_SIGN_STYLE = Automatic;
				CURRENT_PROJECT_VERSION = 1;
				GENERATE_INFOPLIST_FILE = YES;
				LD_RUNPATH_SEARCH_PATHS = (
					"$(inherited)",
					"@executable_path/Frameworks",
					"@loader_path/Frameworks",
				);
				MARKETING_VERSION = 1.0;
				PRODUCT_BUNDLE_IDENTIFIER = gupta.shaleen.BankeyUnitTests;
				PRODUCT_NAME = "$(TARGET_NAME)";
				SWIFT_EMIT_LOC_STRINGS = NO;
				SWIFT_OPTIMIZATION_LEVEL = "-Onone";
				SWIFT_VERSION = 5.0;
				TARGETED_DEVICE_FAMILY = "1,2";
				TEST_HOST = "$(BUILT_PRODUCTS_DIR)/Bankey.app/Bankey";
			};
			name = Debug;
		};
		7C7822E527A707020032C1A7 /* Release */ = {
			isa = XCBuildConfiguration;
			buildSettings = {
				BUNDLE_LOADER = "$(TEST_HOST)";
				CLANG_ENABLE_MODULES = YES;
				CODE_SIGN_STYLE = Automatic;
				CURRENT_PROJECT_VERSION = 1;
				GENERATE_INFOPLIST_FILE = YES;
				LD_RUNPATH_SEARCH_PATHS = (
					"$(inherited)",
					"@executable_path/Frameworks",
					"@loader_path/Frameworks",
				);
				MARKETING_VERSION = 1.0;
				PRODUCT_BUNDLE_IDENTIFIER = gupta.shaleen.BankeyUnitTests;
				PRODUCT_NAME = "$(TARGET_NAME)";
				SWIFT_EMIT_LOC_STRINGS = NO;
				SWIFT_VERSION = 5.0;
				TARGETED_DEVICE_FAMILY = "1,2";
				TEST_HOST = "$(BUILT_PRODUCTS_DIR)/Bankey.app/Bankey";
			};
			name = Release;
		};
		7CE46A7E2792FA08000F75EF /* Debug */ = {
			isa = XCBuildConfiguration;
			buildSettings = {
				ALWAYS_SEARCH_USER_PATHS = NO;
				CLANG_ANALYZER_NONNULL = YES;
				CLANG_ANALYZER_NUMBER_OBJECT_CONVERSION = YES_AGGRESSIVE;
				CLANG_CXX_LANGUAGE_STANDARD = "gnu++17";
				CLANG_CXX_LIBRARY = "libc++";
				CLANG_ENABLE_MODULES = YES;
				CLANG_ENABLE_OBJC_ARC = YES;
				CLANG_ENABLE_OBJC_WEAK = YES;
				CLANG_WARN_BLOCK_CAPTURE_AUTORELEASING = YES;
				CLANG_WARN_BOOL_CONVERSION = YES;
				CLANG_WARN_COMMA = YES;
				CLANG_WARN_CONSTANT_CONVERSION = YES;
				CLANG_WARN_DEPRECATED_OBJC_IMPLEMENTATIONS = YES;
				CLANG_WARN_DIRECT_OBJC_ISA_USAGE = YES_ERROR;
				CLANG_WARN_DOCUMENTATION_COMMENTS = YES;
				CLANG_WARN_EMPTY_BODY = YES;
				CLANG_WARN_ENUM_CONVERSION = YES;
				CLANG_WARN_INFINITE_RECURSION = YES;
				CLANG_WARN_INT_CONVERSION = YES;
				CLANG_WARN_NON_LITERAL_NULL_CONVERSION = YES;
				CLANG_WARN_OBJC_IMPLICIT_RETAIN_SELF = YES;
				CLANG_WARN_OBJC_LITERAL_CONVERSION = YES;
				CLANG_WARN_OBJC_ROOT_CLASS = YES_ERROR;
				CLANG_WARN_QUOTED_INCLUDE_IN_FRAMEWORK_HEADER = YES;
				CLANG_WARN_RANGE_LOOP_ANALYSIS = YES;
				CLANG_WARN_STRICT_PROTOTYPES = YES;
				CLANG_WARN_SUSPICIOUS_MOVE = YES;
				CLANG_WARN_UNGUARDED_AVAILABILITY = YES_AGGRESSIVE;
				CLANG_WARN_UNREACHABLE_CODE = YES;
				CLANG_WARN__DUPLICATE_METHOD_MATCH = YES;
				COPY_PHASE_STRIP = NO;
				DEBUG_INFORMATION_FORMAT = dwarf;
				ENABLE_STRICT_OBJC_MSGSEND = YES;
				ENABLE_TESTABILITY = YES;
				GCC_C_LANGUAGE_STANDARD = gnu11;
				GCC_DYNAMIC_NO_PIC = NO;
				GCC_NO_COMMON_BLOCKS = YES;
				GCC_OPTIMIZATION_LEVEL = 0;
				GCC_PREPROCESSOR_DEFINITIONS = (
					"DEBUG=1",
					"$(inherited)",
				);
				GCC_WARN_64_TO_32_BIT_CONVERSION = YES;
				GCC_WARN_ABOUT_RETURN_TYPE = YES_ERROR;
				GCC_WARN_UNDECLARED_SELECTOR = YES;
				GCC_WARN_UNINITIALIZED_AUTOS = YES_AGGRESSIVE;
				GCC_WARN_UNUSED_FUNCTION = YES;
				GCC_WARN_UNUSED_VARIABLE = YES;
				IPHONEOS_DEPLOYMENT_TARGET = 15.2;
				MTL_ENABLE_DEBUG_INFO = INCLUDE_SOURCE;
				MTL_FAST_MATH = YES;
				ONLY_ACTIVE_ARCH = YES;
				SDKROOT = iphoneos;
				SWIFT_ACTIVE_COMPILATION_CONDITIONS = DEBUG;
				SWIFT_OPTIMIZATION_LEVEL = "-Onone";
			};
			name = Debug;
		};
		7CE46A7F2792FA08000F75EF /* Release */ = {
			isa = XCBuildConfiguration;
			buildSettings = {
				ALWAYS_SEARCH_USER_PATHS = NO;
				CLANG_ANALYZER_NONNULL = YES;
				CLANG_ANALYZER_NUMBER_OBJECT_CONVERSION = YES_AGGRESSIVE;
				CLANG_CXX_LANGUAGE_STANDARD = "gnu++17";
				CLANG_CXX_LIBRARY = "libc++";
				CLANG_ENABLE_MODULES = YES;
				CLANG_ENABLE_OBJC_ARC = YES;
				CLANG_ENABLE_OBJC_WEAK = YES;
				CLANG_WARN_BLOCK_CAPTURE_AUTORELEASING = YES;
				CLANG_WARN_BOOL_CONVERSION = YES;
				CLANG_WARN_COMMA = YES;
				CLANG_WARN_CONSTANT_CONVERSION = YES;
				CLANG_WARN_DEPRECATED_OBJC_IMPLEMENTATIONS = YES;
				CLANG_WARN_DIRECT_OBJC_ISA_USAGE = YES_ERROR;
				CLANG_WARN_DOCUMENTATION_COMMENTS = YES;
				CLANG_WARN_EMPTY_BODY = YES;
				CLANG_WARN_ENUM_CONVERSION = YES;
				CLANG_WARN_INFINITE_RECURSION = YES;
				CLANG_WARN_INT_CONVERSION = YES;
				CLANG_WARN_NON_LITERAL_NULL_CONVERSION = YES;
				CLANG_WARN_OBJC_IMPLICIT_RETAIN_SELF = YES;
				CLANG_WARN_OBJC_LITERAL_CONVERSION = YES;
				CLANG_WARN_OBJC_ROOT_CLASS = YES_ERROR;
				CLANG_WARN_QUOTED_INCLUDE_IN_FRAMEWORK_HEADER = YES;
				CLANG_WARN_RANGE_LOOP_ANALYSIS = YES;
				CLANG_WARN_STRICT_PROTOTYPES = YES;
				CLANG_WARN_SUSPICIOUS_MOVE = YES;
				CLANG_WARN_UNGUARDED_AVAILABILITY = YES_AGGRESSIVE;
				CLANG_WARN_UNREACHABLE_CODE = YES;
				CLANG_WARN__DUPLICATE_METHOD_MATCH = YES;
				COPY_PHASE_STRIP = NO;
				DEBUG_INFORMATION_FORMAT = "dwarf-with-dsym";
				ENABLE_NS_ASSERTIONS = NO;
				ENABLE_STRICT_OBJC_MSGSEND = YES;
				GCC_C_LANGUAGE_STANDARD = gnu11;
				GCC_NO_COMMON_BLOCKS = YES;
				GCC_WARN_64_TO_32_BIT_CONVERSION = YES;
				GCC_WARN_ABOUT_RETURN_TYPE = YES_ERROR;
				GCC_WARN_UNDECLARED_SELECTOR = YES;
				GCC_WARN_UNINITIALIZED_AUTOS = YES_AGGRESSIVE;
				GCC_WARN_UNUSED_FUNCTION = YES;
				GCC_WARN_UNUSED_VARIABLE = YES;
				IPHONEOS_DEPLOYMENT_TARGET = 15.2;
				MTL_ENABLE_DEBUG_INFO = NO;
				MTL_FAST_MATH = YES;
				SDKROOT = iphoneos;
				SWIFT_COMPILATION_MODE = wholemodule;
				SWIFT_OPTIMIZATION_LEVEL = "-O";
				VALIDATE_PRODUCT = YES;
			};
			name = Release;
		};
		7CE46A812792FA08000F75EF /* Debug */ = {
			isa = XCBuildConfiguration;
			buildSettings = {
				ASSETCATALOG_COMPILER_APPICON_NAME = AppIcon;
				ASSETCATALOG_COMPILER_GLOBAL_ACCENT_COLOR_NAME = AccentColor;
				CODE_SIGN_STYLE = Automatic;
				CURRENT_PROJECT_VERSION = 1;
				GENERATE_INFOPLIST_FILE = YES;
				INFOPLIST_FILE = Bankey/Info.plist;
				INFOPLIST_KEY_UIApplicationSupportsIndirectInputEvents = YES;
				INFOPLIST_KEY_UILaunchStoryboardName = LaunchScreen;
				INFOPLIST_KEY_UISupportedInterfaceOrientations_iPad = "UIInterfaceOrientationPortrait UIInterfaceOrientationPortraitUpsideDown UIInterfaceOrientationLandscapeLeft UIInterfaceOrientationLandscapeRight";
				INFOPLIST_KEY_UISupportedInterfaceOrientations_iPhone = "UIInterfaceOrientationPortrait UIInterfaceOrientationLandscapeLeft UIInterfaceOrientationLandscapeRight";
				LD_RUNPATH_SEARCH_PATHS = (
					"$(inherited)",
					"@executable_path/Frameworks",
				);
				MARKETING_VERSION = 1.0;
				PRODUCT_BUNDLE_IDENTIFIER = gupta.shaleen.Bankey;
				PRODUCT_NAME = "$(TARGET_NAME)";
				SWIFT_EMIT_LOC_STRINGS = YES;
				SWIFT_VERSION = 5.0;
				TARGETED_DEVICE_FAMILY = "1,2";
			};
			name = Debug;
		};
		7CE46A822792FA08000F75EF /* Release */ = {
			isa = XCBuildConfiguration;
			buildSettings = {
				ASSETCATALOG_COMPILER_APPICON_NAME = AppIcon;
				ASSETCATALOG_COMPILER_GLOBAL_ACCENT_COLOR_NAME = AccentColor;
				CODE_SIGN_STYLE = Automatic;
				CURRENT_PROJECT_VERSION = 1;
				GENERATE_INFOPLIST_FILE = YES;
				INFOPLIST_FILE = Bankey/Info.plist;
				INFOPLIST_KEY_UIApplicationSupportsIndirectInputEvents = YES;
				INFOPLIST_KEY_UILaunchStoryboardName = LaunchScreen;
				INFOPLIST_KEY_UISupportedInterfaceOrientations_iPad = "UIInterfaceOrientationPortrait UIInterfaceOrientationPortraitUpsideDown UIInterfaceOrientationLandscapeLeft UIInterfaceOrientationLandscapeRight";
				INFOPLIST_KEY_UISupportedInterfaceOrientations_iPhone = "UIInterfaceOrientationPortrait UIInterfaceOrientationLandscapeLeft UIInterfaceOrientationLandscapeRight";
				LD_RUNPATH_SEARCH_PATHS = (
					"$(inherited)",
					"@executable_path/Frameworks",
				);
				MARKETING_VERSION = 1.0;
				PRODUCT_BUNDLE_IDENTIFIER = gupta.shaleen.Bankey;
				PRODUCT_NAME = "$(TARGET_NAME)";
				SWIFT_EMIT_LOC_STRINGS = YES;
				SWIFT_VERSION = 5.0;
				TARGETED_DEVICE_FAMILY = "1,2";
			};
			name = Release;
		};
/* End XCBuildConfiguration section */

/* Begin XCConfigurationList section */
		7C7822E627A707020032C1A7 /* Build configuration list for PBXNativeTarget "BankeyUnitTests" */ = {
			isa = XCConfigurationList;
			buildConfigurations = (
				7C7822E427A707020032C1A7 /* Debug */,
				7C7822E527A707020032C1A7 /* Release */,
			);
			defaultConfigurationIsVisible = 0;
			defaultConfigurationName = Release;
		};
		7CE46A672792FA07000F75EF /* Build configuration list for PBXProject "Bankey" */ = {
			isa = XCConfigurationList;
			buildConfigurations = (
				7CE46A7E2792FA08000F75EF /* Debug */,
				7CE46A7F2792FA08000F75EF /* Release */,
			);
			defaultConfigurationIsVisible = 0;
			defaultConfigurationName = Release;
		};
		7CE46A802792FA08000F75EF /* Build configuration list for PBXNativeTarget "Bankey" */ = {
			isa = XCConfigurationList;
			buildConfigurations = (
				7CE46A812792FA08000F75EF /* Debug */,
				7CE46A822792FA08000F75EF /* Release */,
			);
			defaultConfigurationIsVisible = 0;
			defaultConfigurationName = Release;
		};
/* End XCConfigurationList section */
	};
	rootObject = 7CE46A642792FA07000F75EF /* Project object */;
}
